
Microsoft Visual Studio Solution File, Format Version 12.00
# Visual Studio 15
VisualStudioVersion = 15.0.28307.1259
MinimumVisualStudioVersion = 10.0.40219.1
Project("{FAE04EC0-301F-11D3-BF4B-00C04F79EFBC}") = "Agents", "sdk-basics\agents\Agents\Agents.csproj", "{9E8D876E-BDA1-4802-A777-89D9D9C88F94}"
EndProject
Project("{FAE04EC0-301F-11D3-BF4B-00C04F79EFBC}") = "Encryption", "sdk-basics\encryption\Encryption\Encryption.csproj", "{C8B87FFA-1619-4D47-8540-E43C11D19B3E}"
EndProject
Project("{FAE04EC0-301F-11D3-BF4B-00C04F79EFBC}") = "IonicCiphers", "sdk-basics\ionic-ciphers\IonicCiphers\IonicCiphers.csproj", "{ADA1DF23-B1EC-41E0-89DC-4CD062F126D0}"
EndProject
Project("{FAE04EC0-301F-11D3-BF4B-00C04F79EFBC}") = "Keys", "sdk-basics\keys\Keys\Keys.csproj", "{B98A9A72-C4C5-4354-A7FE-7C3E33CFA254}"
EndProject
Project("{FAE04EC0-301F-11D3-BF4B-00C04F79EFBC}") = "Profiles", "sdk-basics\profiles\Profiles\Profiles.csproj", "{7BD82FFC-57D1-4F37-B0CD-FEE4D674A892}"
EndProject
Project("{FAE04EC0-301F-11D3-BF4B-00C04F79EFBC}") = "DefaultPersistor", "sdk-advanced\default-persistor\DefaultPersistor\DefaultPersistor.csproj", "{6F662D00-9732-4985-BB78-E2EB8674BE70}"
EndProject
Global
	GlobalSection(SolutionConfigurationPlatforms) = preSolution
		Debug|Any CPU = Debug|Any CPU
		Debug|x64 = Debug|x64
		Release|Any CPU = Release|Any CPU
		Release|x64 = Release|x64
	EndGlobalSection
	GlobalSection(ProjectConfigurationPlatforms) = postSolution
		{9E8D876E-BDA1-4802-A777-89D9D9C88F94}.Debug|Any CPU.ActiveCfg = Debug|Any CPU
		{9E8D876E-BDA1-4802-A777-89D9D9C88F94}.Debug|Any CPU.Build.0 = Debug|Any CPU
		{9E8D876E-BDA1-4802-A777-89D9D9C88F94}.Debug|x64.ActiveCfg = Debug|x64
		{9E8D876E-BDA1-4802-A777-89D9D9C88F94}.Debug|x64.Build.0 = Debug|x64
		{9E8D876E-BDA1-4802-A777-89D9D9C88F94}.Release|Any CPU.ActiveCfg = Release|Any CPU
		{9E8D876E-BDA1-4802-A777-89D9D9C88F94}.Release|Any CPU.Build.0 = Release|Any CPU
		{9E8D876E-BDA1-4802-A777-89D9D9C88F94}.Release|x64.ActiveCfg = Release|x64
		{9E8D876E-BDA1-4802-A777-89D9D9C88F94}.Release|x64.Build.0 = Release|x64
		{C8B87FFA-1619-4D47-8540-E43C11D19B3E}.Debug|Any CPU.ActiveCfg = Debug|Any CPU
		{C8B87FFA-1619-4D47-8540-E43C11D19B3E}.Debug|Any CPU.Build.0 = Debug|Any CPU
		{C8B87FFA-1619-4D47-8540-E43C11D19B3E}.Debug|x64.ActiveCfg = Debug|x64
		{C8B87FFA-1619-4D47-8540-E43C11D19B3E}.Debug|x64.Build.0 = Debug|x64
		{C8B87FFA-1619-4D47-8540-E43C11D19B3E}.Release|Any CPU.ActiveCfg = Release|Any CPU
		{C8B87FFA-1619-4D47-8540-E43C11D19B3E}.Release|Any CPU.Build.0 = Release|Any CPU
		{C8B87FFA-1619-4D47-8540-E43C11D19B3E}.Release|x64.ActiveCfg = Release|x64
		{C8B87FFA-1619-4D47-8540-E43C11D19B3E}.Release|x64.Build.0 = Release|x64
		{ADA1DF23-B1EC-41E0-89DC-4CD062F126D0}.Debug|Any CPU.ActiveCfg = Debug|Any CPU
		{ADA1DF23-B1EC-41E0-89DC-4CD062F126D0}.Debug|Any CPU.Build.0 = Debug|Any CPU
		{ADA1DF23-B1EC-41E0-89DC-4CD062F126D0}.Debug|x64.ActiveCfg = Debug|x64
		{ADA1DF23-B1EC-41E0-89DC-4CD062F126D0}.Debug|x64.Build.0 = Debug|x64
		{ADA1DF23-B1EC-41E0-89DC-4CD062F126D0}.Release|Any CPU.ActiveCfg = Release|Any CPU
		{ADA1DF23-B1EC-41E0-89DC-4CD062F126D0}.Release|Any CPU.Build.0 = Release|Any CPU
		{ADA1DF23-B1EC-41E0-89DC-4CD062F126D0}.Release|x64.ActiveCfg = Release|x64
		{ADA1DF23-B1EC-41E0-89DC-4CD062F126D0}.Release|x64.Build.0 = Release|x64
		{B98A9A72-C4C5-4354-A7FE-7C3E33CFA254}.Debug|Any CPU.ActiveCfg = Debug|Any CPU
		{B98A9A72-C4C5-4354-A7FE-7C3E33CFA254}.Debug|Any CPU.Build.0 = Debug|Any CPU
		{B98A9A72-C4C5-4354-A7FE-7C3E33CFA254}.Debug|x64.ActiveCfg = Debug|x64
		{B98A9A72-C4C5-4354-A7FE-7C3E33CFA254}.Debug|x64.Build.0 = Debug|x64
		{B98A9A72-C4C5-4354-A7FE-7C3E33CFA254}.Release|Any CPU.ActiveCfg = Release|Any CPU
		{B98A9A72-C4C5-4354-A7FE-7C3E33CFA254}.Release|Any CPU.Build.0 = Release|Any CPU
		{B98A9A72-C4C5-4354-A7FE-7C3E33CFA254}.Release|x64.ActiveCfg = Release|x64
		{B98A9A72-C4C5-4354-A7FE-7C3E33CFA254}.Release|x64.Build.0 = Release|x64
		{7BD82FFC-57D1-4F37-B0CD-FEE4D674A892}.Debug|Any CPU.ActiveCfg = Debug|Any CPU
		{7BD82FFC-57D1-4F37-B0CD-FEE4D674A892}.Debug|Any CPU.Build.0 = Debug|Any CPU
		{7BD82FFC-57D1-4F37-B0CD-FEE4D674A892}.Debug|x64.ActiveCfg = Debug|x64
		{7BD82FFC-57D1-4F37-B0CD-FEE4D674A892}.Debug|x64.Build.0 = Debug|x64
		{7BD82FFC-57D1-4F37-B0CD-FEE4D674A892}.Release|Any CPU.ActiveCfg = Release|Any CPU
		{7BD82FFC-57D1-4F37-B0CD-FEE4D674A892}.Release|Any CPU.Build.0 = Release|Any CPU
		{7BD82FFC-57D1-4F37-B0CD-FEE4D674A892}.Release|x64.ActiveCfg = Release|x64
		{7BD82FFC-57D1-4F37-B0CD-FEE4D674A892}.Release|x64.Build.0 = Release|x64
		{6F662D00-9732-4985-BB78-E2EB8674BE70}.Debug|Any CPU.ActiveCfg = Debug|Any CPU
		{6F662D00-9732-4985-BB78-E2EB8674BE70}.Debug|Any CPU.Build.0 = Debug|Any CPU
		{6F662D00-9732-4985-BB78-E2EB8674BE70}.Debug|x64.ActiveCfg = Debug|x64
		{6F662D00-9732-4985-BB78-E2EB8674BE70}.Debug|x64.Build.0 = Debug|x64
		{6F662D00-9732-4985-BB78-E2EB8674BE70}.Release|Any CPU.ActiveCfg = Release|Any CPU
		{6F662D00-9732-4985-BB78-E2EB8674BE70}.Release|Any CPU.Build.0 = Release|Any CPU
		{6F662D00-9732-4985-BB78-E2EB8674BE70}.Release|x64.ActiveCfg = Release|x64
		{6F662D00-9732-4985-BB78-E2EB8674BE70}.Release|x64.Build.0 = Release|x64
	EndGlobalSection
	GlobalSection(SolutionProperties) = preSolution
		HideSolutionNode = FALSE
	EndGlobalSection
	GlobalSection(ExtensibilityGlobals) = postSolution
		SolutionGuid = {6C35E7AC-F98D-4D74-AA55-98EF0DB4827E}
	EndGlobalSection
EndGlobal
